
Microsoft Visual Studio Solution File, Format Version 12.00
# Visual Studio Version 16
VisualStudioVersion = 16.0.29020.237
MinimumVisualStudioVersion = 10.0.40219.1
Project("{FAE04EC0-301F-11D3-BF4B-00C04F79EFBC}") = "Core", "Core\Core.csproj", "{C0A192CD-7242-4DEF-9B87-444757555AFF}"
EndProject
Global
	GlobalSection(SolutionConfigurationPlatforms) = preSolution
		Debug|Any CPU = Debug|Any CPU
		Release|Any CPU = Release|Any CPU
	EndGlobalSection
	GlobalSection(ProjectConfigurationPlatforms) = postSolution
		{C0A192CD-7242-4DEF-9B87-444757555AFF}.Debug|Any CPU.ActiveCfg = Debug|Any CPU
		{C0A192CD-7242-4DEF-9B87-444757555AFF}.Debug|Any CPU.Build.0 = Debug|Any CPU
		{C0A192CD-7242-4DEF-9B87-444757555AFF}.Release|Any CPU.ActiveCfg = Release|Any CPU
		{C0A192CD-7242-4DEF-9B87-444757555AFF}.Release|Any CPU.Build.0 = Release|Any CPU
	EndGlobalSection
	GlobalSection(SolutionProperties) = preSolution
		HideSolutionNode = FALSE
	EndGlobalSection
	GlobalSection(ExtensibilityGlobals) = postSolution
		SolutionGuid = {A7BD94C3-10EF-4BD1-B65D-1796C298C4A1}
	EndGlobalSection
EndGlobal
